
Microsoft Visual Studio Solution File, Format Version 12.00
# Visual Studio Version 17
VisualStudioVersion = 17.14.36414.22 d17.14
MinimumVisualStudioVersion = 10.0.40219.1
Project("{FAE04EC0-301F-11D3-BF4B-00C04F79EFBC}") = "KB17196_WpfApp1", "KB17196_WpfApp1.csproj", "{7C9EF36E-AC16-4389-9E30-ED9358E6CB25}"
EndProject
Global
	GlobalSection(SolutionConfigurationPlatforms) = preSolution
		Debug|Any CPU = Debug|Any CPU
		Release|Any CPU = Release|Any CPU
	EndGlobalSection
	GlobalSection(ProjectConfigurationPlatforms) = postSolution
		{7C9EF36E-AC16-4389-9E30-ED9358E6CB25}.Debug|Any CPU.ActiveCfg = Debug|Any CPU
		{7C9EF36E-AC16-4389-9E30-ED9358E6CB25}.Debug|Any CPU.Build.0 = Debug|Any CPU
		{7C9EF36E-AC16-4389-9E30-ED9358E6CB25}.Release|Any CPU.ActiveCfg = Release|Any CPU
		{7C9EF36E-AC16-4389-9E30-ED9358E6CB25}.Release|Any CPU.Build.0 = Release|Any CPU
	EndGlobalSection
	GlobalSection(SolutionProperties) = preSolution
		HideSolutionNode = FALSE
	EndGlobalSection
	GlobalSection(ExtensibilityGlobals) = postSolution
		SolutionGuid = {3176B4CD-429B-420E-AD99-D8AD7832B693}
	EndGlobalSection
EndGlobal
